
Microsoft Visual Studio Solution File, Format Version 12.00
# Visual Studio Version 18
VisualStudioVersion = 18.3.11415.281 d18.3
MinimumVisualStudioVersion = 10.0.40219.1
Project("{FAE04EC0-301F-11D3-BF4B-00C04F79EFBC}") = "Opgaver", "Opgaver\Opgaver.csproj", "{F8A92A8D-3356-4F93-9040-628398EC3259}"
EndProject
Project("{FAE04EC0-301F-11D3-BF4B-00C04F79EFBC}") = "WPF", "WPF\WPF.csproj", "{87F3DDF9-5999-44B5-8B9B-403C095EAAC0}"
EndProject
Project("{FAE04EC0-301F-11D3-BF4B-00C04F79EFBC}") = "MSTest-Opgaver", "MSTest-Opgaver\MSTest-Opgaver.csproj", "{2CDF1AAE-1A54-4421-AFAF-3DFF31CAE759}"
EndProject
Global
	GlobalSection(SolutionConfigurationPlatforms) = preSolution
		Debug|Any CPU = Debug|Any CPU
		Release|Any CPU = Release|Any CPU
	EndGlobalSection
	GlobalSection(ProjectConfigurationPlatforms) = postSolution
		{F8A92A8D-3356-4F93-9040-628398EC3259}.Debug|Any CPU.ActiveCfg = Debug|Any CPU
		{F8A92A8D-3356-4F93-9040-628398EC3259}.Debug|Any CPU.Build.0 = Debug|Any CPU
		{F8A92A8D-3356-4F93-9040-628398EC3259}.Release|Any CPU.ActiveCfg = Release|Any CPU
		{F8A92A8D-3356-4F93-9040-628398EC3259}.Release|Any CPU.Build.0 = Release|Any CPU
		{87F3DDF9-5999-44B5-8B9B-403C095EAAC0}.Debug|Any CPU.ActiveCfg = Debug|Any CPU
		{87F3DDF9-5999-44B5-8B9B-403C095EAAC0}.Debug|Any CPU.Build.0 = Debug|Any CPU
		{87F3DDF9-5999-44B5-8B9B-403C095EAAC0}.Release|Any CPU.ActiveCfg = Release|Any CPU
		{87F3DDF9-5999-44B5-8B9B-403C095EAAC0}.Release|Any CPU.Build.0 = Release|Any CPU
		{2CDF1AAE-1A54-4421-AFAF-3DFF31CAE759}.Debug|Any CPU.ActiveCfg = Debug|Any CPU
		{2CDF1AAE-1A54-4421-AFAF-3DFF31CAE759}.Debug|Any CPU.Build.0 = Debug|Any CPU
		{2CDF1AAE-1A54-4421-AFAF-3DFF31CAE759}.Release|Any CPU.ActiveCfg = Release|Any CPU
		{2CDF1AAE-1A54-4421-AFAF-3DFF31CAE759}.Release|Any CPU.Build.0 = Release|Any CPU
	EndGlobalSection
	GlobalSection(SolutionProperties) = preSolution
		HideSolutionNode = FALSE
	EndGlobalSection
	GlobalSection(ExtensibilityGlobals) = postSolution
		SolutionGuid = {4E9A9971-2036-4BE8-ADF4-19E455F71570}
	EndGlobalSection
EndGlobal
