
Microsoft Visual Studio Solution File, Format Version 12.00
# Visual Studio Version 18
VisualStudioVersion = 18.0.11111.16
MinimumVisualStudioVersion = 10.0.40219.1
Project("{FAE04EC0-301F-11D3-BF4B-00C04F79EFBC}") = "BankoCheater", "BankoCheater\BankoCheater.csproj", "{5FE0C467-1FAD-F3D5-C94F-525D2E471B0D}"
EndProject
Project("{FAE04EC0-301F-11D3-BF4B-00C04F79EFBC}") = "Blazor", "Blazor\Blazor.csproj", "{9D6F2367-CA0F-7288-F636-1EB2FF1E14E4}"
EndProject
Project("{FAE04EC0-301F-11D3-BF4B-00C04F79EFBC}") = "WebScraping", "WebScraping\WebScraping.csproj", "{DA2A7A23-1AB1-DC6D-6ABE-A0CEBB91B8AD}"
EndProject
Global
	GlobalSection(SolutionConfigurationPlatforms) = preSolution
		Debug|Any CPU = Debug|Any CPU
		Release|Any CPU = Release|Any CPU
	EndGlobalSection
	GlobalSection(ProjectConfigurationPlatforms) = postSolution
		{5FE0C467-1FAD-F3D5-C94F-525D2E471B0D}.Debug|Any CPU.ActiveCfg = Debug|Any CPU
		{5FE0C467-1FAD-F3D5-C94F-525D2E471B0D}.Debug|Any CPU.Build.0 = Debug|Any CPU
		{5FE0C467-1FAD-F3D5-C94F-525D2E471B0D}.Release|Any CPU.ActiveCfg = Release|Any CPU
		{5FE0C467-1FAD-F3D5-C94F-525D2E471B0D}.Release|Any CPU.Build.0 = Release|Any CPU
		{9D6F2367-CA0F-7288-F636-1EB2FF1E14E4}.Debug|Any CPU.ActiveCfg = Debug|Any CPU
		{9D6F2367-CA0F-7288-F636-1EB2FF1E14E4}.Debug|Any CPU.Build.0 = Debug|Any CPU
		{9D6F2367-CA0F-7288-F636-1EB2FF1E14E4}.Release|Any CPU.ActiveCfg = Release|Any CPU
		{9D6F2367-CA0F-7288-F636-1EB2FF1E14E4}.Release|Any CPU.Build.0 = Release|Any CPU
		{DA2A7A23-1AB1-DC6D-6ABE-A0CEBB91B8AD}.Debug|Any CPU.ActiveCfg = Debug|Any CPU
		{DA2A7A23-1AB1-DC6D-6ABE-A0CEBB91B8AD}.Debug|Any CPU.Build.0 = Debug|Any CPU
		{DA2A7A23-1AB1-DC6D-6ABE-A0CEBB91B8AD}.Release|Any CPU.ActiveCfg = Release|Any CPU
		{DA2A7A23-1AB1-DC6D-6ABE-A0CEBB91B8AD}.Release|Any CPU.Build.0 = Release|Any CPU
	EndGlobalSection
	GlobalSection(SolutionProperties) = preSolution
		HideSolutionNode = FALSE
	EndGlobalSection
	GlobalSection(ExtensibilityGlobals) = postSolution
		SolutionGuid = {C0383AAF-C43F-498B-880E-14D5AED035D7}
	EndGlobalSection
EndGlobal
